
Microsoft Visual Studio Solution File, Format Version 12.00
# Visual Studio Version 17
VisualStudioVersion = 17.8.34322.80
MinimumVisualStudioVersion = 10.0.40219.1
Project("{FAE04EC0-301F-11D3-BF4B-00C04F79EFBC}") = "XML Validator", "XML Validator.csproj", "{FE278BCF-5710-4A9E-BD07-01F67BD3BFCC}"
EndProject
Global
	GlobalSection(SolutionConfigurationPlatforms) = preSolution
		Debug|Any CPU = Debug|Any CPU
		Release|Any CPU = Release|Any CPU
	EndGlobalSection
	GlobalSection(ProjectConfigurationPlatforms) = postSolution
		{FE278BCF-5710-4A9E-BD07-01F67BD3BFCC}.Debug|Any CPU.ActiveCfg = Debug|Any CPU
		{FE278BCF-5710-4A9E-BD07-01F67BD3BFCC}.Debug|Any CPU.Build.0 = Debug|Any CPU
		{FE278BCF-5710-4A9E-BD07-01F67BD3BFCC}.Release|Any CPU.ActiveCfg = Release|Any CPU
		{FE278BCF-5710-4A9E-BD07-01F67BD3BFCC}.Release|Any CPU.Build.0 = Release|Any CPU
	EndGlobalSection
	GlobalSection(SolutionProperties) = preSolution
		HideSolutionNode = FALSE
	EndGlobalSection
	GlobalSection(ExtensibilityGlobals) = postSolution
		SolutionGuid = {8C2F7EF7-6324-4090-8707-1E4768671BC1}
	EndGlobalSection
EndGlobal
